// !$*UTF8*$!
{
	archiveVersion = 1;
	classes = {
	};
	objectVersion = 55;
	objects = {

/* Begin PBXBuildFile section */
		12062C222CA68F5300F035AC /* SwiftKeychainWrapper in Frameworks */ = {isa = PBXBuildFile; productRef = 12062C212CA68F5300F035AC /* SwiftKeychainWrapper */; };
		1212B4B12C7D11FC00E0AE46 /* LaunchScreen.storyboard in Resources */ = {isa = PBXBuildFile; fileRef = 127610632C5D07DF0003AB76 /* LaunchScreen.storyboard */; };
		123E4CE52C60372800D80884 /* ImagesListCell.swift in Sources */ = {isa = PBXBuildFile; fileRef = 123E4CE42C60372800D80884 /* ImagesListCell.swift */; };
		125E955A2CA54C8F00F21728 /* Kingfisher in Frameworks */ = {isa = PBXBuildFile; productRef = 125E95592CA54C8F00F21728 /* Kingfisher */; };
		12615AF42C678F0F00D95997 /* ProfileViewController.swift in Sources */ = {isa = PBXBuildFile; fileRef = 12615AF32C678F0F00D95997 /* ProfileViewController.swift */; };
		12716F4F2CA001170082BE53 /* ProfileImageService.swift in Sources */ = {isa = PBXBuildFile; fileRef = 12716F4E2CA000FC0082BE53 /* ProfileImageService.swift */; };
		12734FC52C91863300CB6448 /* SplashViewController.swift in Sources */ = {isa = PBXBuildFile; fileRef = 12734FC42C91863300CB6448 /* SplashViewController.swift */; };
		12734FC72C91E87700CB6448 /* ProfileViewPresenter.swift in Sources */ = {isa = PBXBuildFile; fileRef = 12734FC62C91E87700CB6448 /* ProfileViewPresenter.swift */; };
		127610592C5D07DE0003AB76 /* AppDelegate.swift in Sources */ = {isa = PBXBuildFile; fileRef = 127610582C5D07DE0003AB76 /* AppDelegate.swift */; };
		1276105B2C5D07DE0003AB76 /* SceneDelegate.swift in Sources */ = {isa = PBXBuildFile; fileRef = 1276105A2C5D07DE0003AB76 /* SceneDelegate.swift */; };
		1276105D2C5D07DE0003AB76 /* ImagesListViewController.swift in Sources */ = {isa = PBXBuildFile; fileRef = 1276105C2C5D07DE0003AB76 /* ImagesListViewController.swift */; };
		127610622C5D07DF0003AB76 /* Assets.xcassets in Resources */ = {isa = PBXBuildFile; fileRef = 127610612C5D07DF0003AB76 /* Assets.xcassets */; };
		12778C6A2C7092EC00F3E646 /* SingleImageViewController.swift in Sources */ = {isa = PBXBuildFile; fileRef = 12778C692C7092EC00F3E646 /* SingleImageViewController.swift */; };
		1278A48E2CA6C4720028971F /* TabBarController.swift in Sources */ = {isa = PBXBuildFile; fileRef = 1278A48D2CA6C4720028971F /* TabBarController.swift */; };
		1278B6822C8AB48F005E3B75 /* OAuth2Service.swift in Sources */ = {isa = PBXBuildFile; fileRef = 1278B6812C8AB48F005E3B75 /* OAuth2Service.swift */; };
		1278B6852C8AEB11005E3B75 /* URLSession+data.swift in Sources */ = {isa = PBXBuildFile; fileRef = 1278B6842C8AEB11005E3B75 /* URLSession+data.swift */; };
		1278B6872C8AF968005E3B75 /* OAuthTokenResponseBody.swift in Sources */ = {isa = PBXBuildFile; fileRef = 1278B6862C8AF968005E3B75 /* OAuthTokenResponseBody.swift */; };
		1278B6892C8B0D76005E3B75 /* OAuth2TokenStorage.swift in Sources */ = {isa = PBXBuildFile; fileRef = 1278B6882C8B0D76005E3B75 /* OAuth2TokenStorage.swift */; };
		127FB6B72C96CA6D006F3D80 /* ProgressHUD in Frameworks */ = {isa = PBXBuildFile; productRef = 127FB6B62C96CA6D006F3D80 /* ProgressHUD */; };
		1280A76F2C9C27C200723279 /* ProfileService.swift in Sources */ = {isa = PBXBuildFile; fileRef = 1280A76E2C9C27C200723279 /* ProfileService.swift */; };
		1280A7712C9C34A100723279 /* URLRequest+Extansion.swift in Sources */ = {isa = PBXBuildFile; fileRef = 1280A7702C9C34A100723279 /* URLRequest+Extansion.swift */; };
		1280A7732C9C9DCE00723279 /* NetworkError.swift in Sources */ = {isa = PBXBuildFile; fileRef = 1280A7722C9C9DCB00723279 /* NetworkError.swift */; };
		12874A992C81DDCD009787A7 /* WebViewViewController.swift in Sources */ = {isa = PBXBuildFile; fileRef = 12874A982C81DDCD009787A7 /* WebViewViewController.swift */; };
		12874A9B2C81DE23009787A7 /* AuthViewController.swift in Sources */ = {isa = PBXBuildFile; fileRef = 12874A9A2C81DE23009787A7 /* AuthViewController.swift */; };
		129837AF2C7D138E00C34492 /* Main.storyboard in Resources */ = {isa = PBXBuildFile; fileRef = 1276105E2C5D07DE0003AB76 /* Main.storyboard */; };
		1298D70B2C80503A00272702 /* Constants.swift in Sources */ = {isa = PBXBuildFile; fileRef = 1298D70A2C80503A00272702 /* Constants.swift */; };
		129A7C132CAC1F8500B7B241 /* ImagesListService.swift in Sources */ = {isa = PBXBuildFile; fileRef = 129A7C122CAC1F8500B7B241 /* ImagesListService.swift */; };
		12C3C9862C9B5B3D007C8FDA /* UIBlockingProgressHUD.swift in Sources */ = {isa = PBXBuildFile; fileRef = 12C3C9852C9B5B26007C8FDA /* UIBlockingProgressHUD.swift */; };
		12ED8E232CB12C3A00F79B60 /* ImageListViewPresenter.swift in Sources */ = {isa = PBXBuildFile; fileRef = 12ED8E222CB12C3A00F79B60 /* ImageListViewPresenter.swift */; };
		12ED8E252CB186E600F79B60 /* ImagesListModels.swift in Sources */ = {isa = PBXBuildFile; fileRef = 12ED8E242CB186E600F79B60 /* ImagesListModels.swift */; };
		12ED8E282CB1D8F000F79B60 /* ImagesListServiceSpy.swift in Sources */ = {isa = PBXBuildFile; fileRef = 12ED8E272CB1D8F000F79B60 /* ImagesListServiceSpy.swift */; };
/* End PBXBuildFile section */

/* Begin PBXContainerItemProxy section */
		120630CC2CB0095B00897332 /* PBXContainerItemProxy */ = {
			isa = PBXContainerItemProxy;
			containerPortal = 1276104D2C5D07DE0003AB76 /* Project object */;
			proxyType = 1;
			remoteGlobalIDString = 127610542C5D07DE0003AB76;
			remoteInfo = ImageFeed;
		};
/* End PBXContainerItemProxy section */

/* Begin PBXFileReference section */
		120630C82CB0095B00897332 /* ImageFeedTests.xctest */ = {isa = PBXFileReference; explicitFileType = wrapper.cfbundle; includeInIndex = 0; path = ImageFeedTests.xctest; sourceTree = BUILT_PRODUCTS_DIR; };
		123E4CE42C60372800D80884 /* ImagesListCell.swift */ = {isa = PBXFileReference; lastKnownFileType = sourcecode.swift; path = ImagesListCell.swift; sourceTree = "<group>"; };
		12615AF32C678F0F00D95997 /* ProfileViewController.swift */ = {isa = PBXFileReference; lastKnownFileType = sourcecode.swift; path = ProfileViewController.swift; sourceTree = "<group>"; };
		12716F4E2CA000FC0082BE53 /* ProfileImageService.swift */ = {isa = PBXFileReference; lastKnownFileType = sourcecode.swift; path = ProfileImageService.swift; sourceTree = "<group>"; };
		12734FC42C91863300CB6448 /* SplashViewController.swift */ = {isa = PBXFileReference; lastKnownFileType = sourcecode.swift; path = SplashViewController.swift; sourceTree = "<group>"; };
		12734FC62C91E87700CB6448 /* ProfileViewPresenter.swift */ = {isa = PBXFileReference; lastKnownFileType = sourcecode.swift; path = ProfileViewPresenter.swift; sourceTree = "<group>"; };
		127610552C5D07DE0003AB76 /* ImageFeed.app */ = {isa = PBXFileReference; explicitFileType = wrapper.application; includeInIndex = 0; path = ImageFeed.app; sourceTree = BUILT_PRODUCTS_DIR; };
		127610582C5D07DE0003AB76 /* AppDelegate.swift */ = {isa = PBXFileReference; lastKnownFileType = sourcecode.swift; path = AppDelegate.swift; sourceTree = "<group>"; };
		1276105A2C5D07DE0003AB76 /* SceneDelegate.swift */ = {isa = PBXFileReference; lastKnownFileType = sourcecode.swift; path = SceneDelegate.swift; sourceTree = "<group>"; };
		1276105C2C5D07DE0003AB76 /* ImagesListViewController.swift */ = {isa = PBXFileReference; lastKnownFileType = sourcecode.swift; path = ImagesListViewController.swift; sourceTree = "<group>"; };
		1276105F2C5D07DE0003AB76 /* Base */ = {isa = PBXFileReference; lastKnownFileType = file.storyboard; name = Base; path = Base.lproj/Main.storyboard; sourceTree = "<group>"; };
		127610612C5D07DF0003AB76 /* Assets.xcassets */ = {isa = PBXFileReference; lastKnownFileType = folder.assetcatalog; path = Assets.xcassets; sourceTree = "<group>"; };
		127610642C5D07DF0003AB76 /* Base */ = {isa = PBXFileReference; lastKnownFileType = file.storyboard; name = Base; path = Base.lproj/LaunchScreen.storyboard; sourceTree = "<group>"; };
		127610662C5D07DF0003AB76 /* Info.plist */ = {isa = PBXFileReference; lastKnownFileType = text.plist.xml; path = Info.plist; sourceTree = "<group>"; };
		12778C692C7092EC00F3E646 /* SingleImageViewController.swift */ = {isa = PBXFileReference; lastKnownFileType = sourcecode.swift; path = SingleImageViewController.swift; sourceTree = "<group>"; };
		1278A48D2CA6C4720028971F /* TabBarController.swift */ = {isa = PBXFileReference; lastKnownFileType = sourcecode.swift; path = TabBarController.swift; sourceTree = "<group>"; };
		1278B6812C8AB48F005E3B75 /* OAuth2Service.swift */ = {isa = PBXFileReference; lastKnownFileType = sourcecode.swift; path = OAuth2Service.swift; sourceTree = "<group>"; };
		1278B6842C8AEB11005E3B75 /* URLSession+data.swift */ = {isa = PBXFileReference; lastKnownFileType = sourcecode.swift; path = "URLSession+data.swift"; sourceTree = "<group>"; };
		1278B6862C8AF968005E3B75 /* OAuthTokenResponseBody.swift */ = {isa = PBXFileReference; lastKnownFileType = sourcecode.swift; path = OAuthTokenResponseBody.swift; sourceTree = "<group>"; };
		1278B6882C8B0D76005E3B75 /* OAuth2TokenStorage.swift */ = {isa = PBXFileReference; lastKnownFileType = sourcecode.swift; path = OAuth2TokenStorage.swift; sourceTree = "<group>"; };
		1280A76E2C9C27C200723279 /* ProfileService.swift */ = {isa = PBXFileReference; lastKnownFileType = sourcecode.swift; path = ProfileService.swift; sourceTree = "<group>"; };
		1280A7702C9C34A100723279 /* URLRequest+Extansion.swift */ = {isa = PBXFileReference; lastKnownFileType = sourcecode.swift; path = "URLRequest+Extansion.swift"; sourceTree = "<group>"; };
		1280A7722C9C9DCB00723279 /* NetworkError.swift */ = {isa = PBXFileReference; lastKnownFileType = sourcecode.swift; path = NetworkError.swift; sourceTree = "<group>"; };
		12874A982C81DDCD009787A7 /* WebViewViewController.swift */ = {isa = PBXFileReference; lastKnownFileType = sourcecode.swift; path = WebViewViewController.swift; sourceTree = "<group>"; };
		12874A9A2C81DE23009787A7 /* AuthViewController.swift */ = {isa = PBXFileReference; lastKnownFileType = sourcecode.swift; path = AuthViewController.swift; sourceTree = "<group>"; };
		1298D70A2C80503A00272702 /* Constants.swift */ = {isa = PBXFileReference; lastKnownFileType = sourcecode.swift; path = Constants.swift; sourceTree = "<group>"; };
		129A7C122CAC1F8500B7B241 /* ImagesListService.swift */ = {isa = PBXFileReference; lastKnownFileType = sourcecode.swift; path = ImagesListService.swift; sourceTree = "<group>"; };
		12C3C9852C9B5B26007C8FDA /* UIBlockingProgressHUD.swift */ = {isa = PBXFileReference; lastKnownFileType = sourcecode.swift; path = UIBlockingProgressHUD.swift; sourceTree = "<group>"; };
		12ED8E222CB12C3A00F79B60 /* ImageListViewPresenter.swift */ = {isa = PBXFileReference; lastKnownFileType = sourcecode.swift; path = ImageListViewPresenter.swift; sourceTree = "<group>"; };
		12ED8E242CB186E600F79B60 /* ImagesListModels.swift */ = {isa = PBXFileReference; lastKnownFileType = sourcecode.swift; path = ImagesListModels.swift; sourceTree = "<group>"; };
		12ED8E272CB1D8F000F79B60 /* ImagesListServiceSpy.swift */ = {isa = PBXFileReference; lastKnownFileType = sourcecode.swift; path = ImagesListServiceSpy.swift; sourceTree = "<group>"; };
/* End PBXFileReference section */

/* Begin PBXFrameworksBuildPhase section */
		120630C52CB0095B00897332 /* Frameworks */ = {
			isa = PBXFrameworksBuildPhase;
			buildActionMask = 2147483647;
			files = (
			);
			runOnlyForDeploymentPostprocessing = 0;
		};
		127610522C5D07DE0003AB76 /* Frameworks */ = {
			isa = PBXFrameworksBuildPhase;
			buildActionMask = 2147483647;
			files = (
				125E955A2CA54C8F00F21728 /* Kingfisher in Frameworks */,
				127FB6B72C96CA6D006F3D80 /* ProgressHUD in Frameworks */,
				12062C222CA68F5300F035AC /* SwiftKeychainWrapper in Frameworks */,
			);
			runOnlyForDeploymentPostprocessing = 0;
		};
/* End PBXFrameworksBuildPhase section */

/* Begin PBXGroup section */
		126BA3C22C6A049F001D9CB8 /* Profile */ = {
			isa = PBXGroup;
			children = (
				12615AF32C678F0F00D95997 /* ProfileViewController.swift */,
				12734FC62C91E87700CB6448 /* ProfileViewPresenter.swift */,
				12716F4E2CA000FC0082BE53 /* ProfileImageService.swift */,
				1280A76E2C9C27C200723279 /* ProfileService.swift */,
			);
			path = Profile;
			sourceTree = "<group>";
		};
		1276104C2C5D07DE0003AB76 = {
			isa = PBXGroup;
			children = (
				127610572C5D07DE0003AB76 /* ImageFeed */,
				127610562C5D07DE0003AB76 /* Products */,
			);
			sourceTree = "<group>";
		};
		127610562C5D07DE0003AB76 /* Products */ = {
			isa = PBXGroup;
			children = (
				127610552C5D07DE0003AB76 /* ImageFeed.app */,
				120630C82CB0095B00897332 /* ImageFeedTests.xctest */,
			);
			name = Products;
			sourceTree = "<group>";
		};
		127610572C5D07DE0003AB76 /* ImageFeed */ = {
			isa = PBXGroup;
			children = (
				127610582C5D07DE0003AB76 /* AppDelegate.swift */,
				1276105A2C5D07DE0003AB76 /* SceneDelegate.swift */,
				1298D70A2C80503A00272702 /* Constants.swift */,
				12C3C9852C9B5B26007C8FDA /* UIBlockingProgressHUD.swift */,
				1280A7722C9C9DCB00723279 /* NetworkError.swift */,
				1278A48D2CA6C4720028971F /* TabBarController.swift */,
				1278B6832C8AEAD4005E3B75 /* Extansion */,
				12778C6B2C70A81100F3E646 /* Single Image View */,
				12874A972C81DD7F009787A7 /* Auth */,
				126BA3C22C6A049F001D9CB8 /* Profile */,
				1286C9D12C60304100DE4787 /* ImageList */,
				1276105E2C5D07DE0003AB76 /* Main.storyboard */,
				127610612C5D07DF0003AB76 /* Assets.xcassets */,
				127610632C5D07DF0003AB76 /* LaunchScreen.storyboard */,
				127610662C5D07DF0003AB76 /* Info.plist */,
			);
			path = ImageFeed;
			sourceTree = "<group>";
		};
		12778C6B2C70A81100F3E646 /* Single Image View */ = {
			isa = PBXGroup;
			children = (
				12778C692C7092EC00F3E646 /* SingleImageViewController.swift */,
			);
			path = "Single Image View";
			sourceTree = "<group>";
		};
		1278B6832C8AEAD4005E3B75 /* Extansion */ = {
			isa = PBXGroup;
			children = (
				1278B6842C8AEB11005E3B75 /* URLSession+data.swift */,
				1280A7702C9C34A100723279 /* URLRequest+Extansion.swift */,
			);
			path = Extansion;
			sourceTree = "<group>";
		};
		1286C9D12C60304100DE4787 /* ImageList */ = {
			isa = PBXGroup;
			children = (
				1276105C2C5D07DE0003AB76 /* ImagesListViewController.swift */,
				12ED8E222CB12C3A00F79B60 /* ImageListViewPresenter.swift */,
				123E4CE42C60372800D80884 /* ImagesListCell.swift */,
				129A7C122CAC1F8500B7B241 /* ImagesListService.swift */,
				12ED8E242CB186E600F79B60 /* ImagesListModels.swift */,
				12ED8E262CB1D8A300F79B60 /* ImagesListServiceSpy */,
			);
			path = ImageList;
			sourceTree = "<group>";
		};
		12874A972C81DD7F009787A7 /* Auth */ = {
			isa = PBXGroup;
			children = (
				12874A982C81DDCD009787A7 /* WebViewViewController.swift */,
				12874A9A2C81DE23009787A7 /* AuthViewController.swift */,
				1278B6812C8AB48F005E3B75 /* OAuth2Service.swift */,
				1278B6862C8AF968005E3B75 /* OAuthTokenResponseBody.swift */,
				1278B6882C8B0D76005E3B75 /* OAuth2TokenStorage.swift */,
				12734FC42C91863300CB6448 /* SplashViewController.swift */,
			);
			path = Auth;
			sourceTree = "<group>";
		};
		12ED8E262CB1D8A300F79B60 /* ImagesListServiceSpy */ = {
			isa = PBXGroup;
			children = (
				12ED8E272CB1D8F000F79B60 /* ImagesListServiceSpy.swift */,
			);
			path = ImagesListServiceSpy;
			sourceTree = "<group>";
		};
/* End PBXGroup section */

/* Begin PBXNativeTarget section */
		120630C72CB0095B00897332 /* ImageFeedTests */ = {
			isa = PBXNativeTarget;
			buildConfigurationList = 120630D02CB0095B00897332 /* Build configuration list for PBXNativeTarget "ImageFeedTests" */;
			buildPhases = (
				120630C42CB0095B00897332 /* Sources */,
				120630C52CB0095B00897332 /* Frameworks */,
				120630C62CB0095B00897332 /* Resources */,
			);
			buildRules = (
			);
			dependencies = (
				120630CD2CB0095B00897332 /* PBXTargetDependency */,
			);
			name = ImageFeedTests;
			packageProductDependencies = (
			);
			productName = ImageFeedTests;
			productReference = 120630C82CB0095B00897332 /* ImageFeedTests.xctest */;
			productType = "com.apple.product-type.bundle.unit-test";
		};
		127610542C5D07DE0003AB76 /* ImageFeed */ = {
			isa = PBXNativeTarget;
			buildConfigurationList = 127610692C5D07DF0003AB76 /* Build configuration list for PBXNativeTarget "ImageFeed" */;
			buildPhases = (
				127610512C5D07DE0003AB76 /* Sources */,
				127610522C5D07DE0003AB76 /* Frameworks */,
				127610532C5D07DE0003AB76 /* Resources */,
			);
			buildRules = (
			);
			dependencies = (
			);
			name = ImageFeed;
			packageProductDependencies = (
				127FB6B62C96CA6D006F3D80 /* ProgressHUD */,
				125E95592CA54C8F00F21728 /* Kingfisher */,
				12062C212CA68F5300F035AC /* SwiftKeychainWrapper */,
			);
			productName = ImageFeed;
			productReference = 127610552C5D07DE0003AB76 /* ImageFeed.app */;
			productType = "com.apple.product-type.application";
		};
/* End PBXNativeTarget section */

/* Begin PBXProject section */
		1276104D2C5D07DE0003AB76 /* Project object */ = {
			isa = PBXProject;
			attributes = {
				BuildIndependentTargetsInParallel = 1;
				LastSwiftUpdateCheck = 1600;
				LastUpgradeCheck = 1540;
				TargetAttributes = {
					120630C72CB0095B00897332 = {
						CreatedOnToolsVersion = 16.0;
						TestTargetID = 127610542C5D07DE0003AB76;
					};
					127610542C5D07DE0003AB76 = {
						CreatedOnToolsVersion = 15.4;
					};
				};
			};
			buildConfigurationList = 127610502C5D07DE0003AB76 /* Build configuration list for PBXProject "ImageFeed" */;
			compatibilityVersion = "Xcode 13.0";
			developmentRegion = en;
			hasScannedForEncodings = 0;
			knownRegions = (
				en,
				Base,
			);
			mainGroup = 1276104C2C5D07DE0003AB76;
			packageReferences = (
				127FB6B52C96CA6D006F3D80 /* XCRemoteSwiftPackageReference "ProgressHUD" */,
				125E95582CA54C8F00F21728 /* XCRemoteSwiftPackageReference "Kingfisher" */,
				12062C202CA68F5300F035AC /* XCRemoteSwiftPackageReference "SwiftKeychainWrapper" */,
			);
			productRefGroup = 127610562C5D07DE0003AB76 /* Products */;
			projectDirPath = "";
			projectRoot = "";
			targets = (
				127610542C5D07DE0003AB76 /* ImageFeed */,
				120630C72CB0095B00897332 /* ImageFeedTests */,
			);
		};
/* End PBXProject section */

/* Begin PBXResourcesBuildPhase section */
		120630C62CB0095B00897332 /* Resources */ = {
			isa = PBXResourcesBuildPhase;
			buildActionMask = 2147483647;
			files = (
			);
			runOnlyForDeploymentPostprocessing = 0;
		};
		127610532C5D07DE0003AB76 /* Resources */ = {
			isa = PBXResourcesBuildPhase;
			buildActionMask = 2147483647;
			files = (
				1212B4B12C7D11FC00E0AE46 /* LaunchScreen.storyboard in Resources */,
				127610622C5D07DF0003AB76 /* Assets.xcassets in Resources */,
				129837AF2C7D138E00C34492 /* Main.storyboard in Resources */,
			);
			runOnlyForDeploymentPostprocessing = 0;
		};
/* End PBXResourcesBuildPhase section */

/* Begin PBXSourcesBuildPhase section */
		120630C42CB0095B00897332 /* Sources */ = {
			isa = PBXSourcesBuildPhase;
			buildActionMask = 2147483647;
			files = (
			);
			runOnlyForDeploymentPostprocessing = 0;
		};
		127610512C5D07DE0003AB76 /* Sources */ = {
			isa = PBXSourcesBuildPhase;
			buildActionMask = 2147483647;
			files = (
				1276105D2C5D07DE0003AB76 /* ImagesListViewController.swift in Sources */,
				12ED8E282CB1D8F000F79B60 /* ImagesListServiceSpy.swift in Sources */,
				12734FC72C91E87700CB6448 /* ProfileViewPresenter.swift in Sources */,
				123E4CE52C60372800D80884 /* ImagesListCell.swift in Sources */,
				12C3C9862C9B5B3D007C8FDA /* UIBlockingProgressHUD.swift in Sources */,
				1278B6872C8AF968005E3B75 /* OAuthTokenResponseBody.swift in Sources */,
				12615AF42C678F0F00D95997 /* ProfileViewController.swift in Sources */,
				12716F4F2CA001170082BE53 /* ProfileImageService.swift in Sources */,
				129A7C132CAC1F8500B7B241 /* ImagesListService.swift in Sources */,
				127610592C5D07DE0003AB76 /* AppDelegate.swift in Sources */,
				12ED8E232CB12C3A00F79B60 /* ImageListViewPresenter.swift in Sources */,
				1280A76F2C9C27C200723279 /* ProfileService.swift in Sources */,
				12734FC52C91863300CB6448 /* SplashViewController.swift in Sources */,
				1280A7712C9C34A100723279 /* URLRequest+Extansion.swift in Sources */,
				1298D70B2C80503A00272702 /* Constants.swift in Sources */,
				12778C6A2C7092EC00F3E646 /* SingleImageViewController.swift in Sources */,
				12874A992C81DDCD009787A7 /* WebViewViewController.swift in Sources */,
				1278B6852C8AEB11005E3B75 /* URLSession+data.swift in Sources */,
				1278B6822C8AB48F005E3B75 /* OAuth2Service.swift in Sources */,
				12874A9B2C81DE23009787A7 /* AuthViewController.swift in Sources */,
				1278B6892C8B0D76005E3B75 /* OAuth2TokenStorage.swift in Sources */,
				1278A48E2CA6C4720028971F /* TabBarController.swift in Sources */,
				1276105B2C5D07DE0003AB76 /* SceneDelegate.swift in Sources */,
				1280A7732C9C9DCE00723279 /* NetworkError.swift in Sources */,
				12ED8E252CB186E600F79B60 /* ImagesListModels.swift in Sources */,
			);
			runOnlyForDeploymentPostprocessing = 0;
		};
/* End PBXSourcesBuildPhase section */

/* Begin PBXTargetDependency section */
		120630CD2CB0095B00897332 /* PBXTargetDependency */ = {
			isa = PBXTargetDependency;
			target = 127610542C5D07DE0003AB76 /* ImageFeed */;
			targetProxy = 120630CC2CB0095B00897332 /* PBXContainerItemProxy */;
		};
/* End PBXTargetDependency section */

/* Begin PBXVariantGroup section */
		1276105E2C5D07DE0003AB76 /* Main.storyboard */ = {
			isa = PBXVariantGroup;
			children = (
				1276105F2C5D07DE0003AB76 /* Base */,
			);
			name = Main.storyboard;
			sourceTree = "<group>";
		};
		127610632C5D07DF0003AB76 /* LaunchScreen.storyboard */ = {
			isa = PBXVariantGroup;
			children = (
				127610642C5D07DF0003AB76 /* Base */,
			);
			name = LaunchScreen.storyboard;
			sourceTree = "<group>";
		};
/* End PBXVariantGroup section */

/* Begin XCBuildConfiguration section */
		120630CE2CB0095B00897332 /* Debug */ = {
			isa = XCBuildConfiguration;
			buildSettings = {
				BUNDLE_LOADER = "$(TEST_HOST)";
				CODE_SIGN_STYLE = Automatic;
				CURRENT_PROJECT_VERSION = 1;
				DEVELOPMENT_TEAM = Z2FK793PRZ;
				GENERATE_INFOPLIST_FILE = YES;
				IPHONEOS_DEPLOYMENT_TARGET = 18.0;
				MARKETING_VERSION = 1.0;
				PRODUCT_BUNDLE_IDENTIFIER = ru.yandex.practicum.katafeiy.ImageFeedTests;
				PRODUCT_NAME = "$(TARGET_NAME)";
				SWIFT_EMIT_LOC_STRINGS = NO;
				SWIFT_VERSION = 5.0;
				TARGETED_DEVICE_FAMILY = "1,2";
				TEST_HOST = "$(BUILT_PRODUCTS_DIR)/ImageFeed.app/$(BUNDLE_EXECUTABLE_FOLDER_PATH)/ImageFeed";
			};
			name = Debug;
		};
		120630CF2CB0095B00897332 /* Release */ = {
			isa = XCBuildConfiguration;
			buildSettings = {
				BUNDLE_LOADER = "$(TEST_HOST)";
				CODE_SIGN_STYLE = Automatic;
				CURRENT_PROJECT_VERSION = 1;
				DEVELOPMENT_TEAM = Z2FK793PRZ;
				GENERATE_INFOPLIST_FILE = YES;
				IPHONEOS_DEPLOYMENT_TARGET = 18.0;
				MARKETING_VERSION = 1.0;
				PRODUCT_BUNDLE_IDENTIFIER = ru.yandex.practicum.katafeiy.ImageFeedTests;
				PRODUCT_NAME = "$(TARGET_NAME)";
				SWIFT_EMIT_LOC_STRINGS = NO;
				SWIFT_VERSION = 5.0;
				TARGETED_DEVICE_FAMILY = "1,2";
				TEST_HOST = "$(BUILT_PRODUCTS_DIR)/ImageFeed.app/$(BUNDLE_EXECUTABLE_FOLDER_PATH)/ImageFeed";
			};
			name = Release;
		};
		127610672C5D07DF0003AB76 /* Debug */ = {
			isa = XCBuildConfiguration;
			buildSettings = {
				ALWAYS_SEARCH_USER_PATHS = NO;
				ASSETCATALOG_COMPILER_GENERATE_SWIFT_ASSET_SYMBOL_EXTENSIONS = YES;
				CLANG_ANALYZER_NONNULL = YES;
				CLANG_ANALYZER_NUMBER_OBJECT_CONVERSION = YES_AGGRESSIVE;
				CLANG_CXX_LANGUAGE_STANDARD = "gnu++20";
				CLANG_ENABLE_MODULES = YES;
				CLANG_ENABLE_OBJC_ARC = YES;
				CLANG_ENABLE_OBJC_WEAK = YES;
				CLANG_WARN_BLOCK_CAPTURE_AUTORELEASING = YES;
				CLANG_WARN_BOOL_CONVERSION = YES;
				CLANG_WARN_COMMA = YES;
				CLANG_WARN_CONSTANT_CONVERSION = YES;
				CLANG_WARN_DEPRECATED_OBJC_IMPLEMENTATIONS = YES;
				CLANG_WARN_DIRECT_OBJC_ISA_USAGE = YES_ERROR;
				CLANG_WARN_DOCUMENTATION_COMMENTS = YES;
				CLANG_WARN_EMPTY_BODY = YES;
				CLANG_WARN_ENUM_CONVERSION = YES;
				CLANG_WARN_INFINITE_RECURSION = YES;
				CLANG_WARN_INT_CONVERSION = YES;
				CLANG_WARN_NON_LITERAL_NULL_CONVERSION = YES;
				CLANG_WARN_OBJC_IMPLICIT_RETAIN_SELF = YES;
				CLANG_WARN_OBJC_LITERAL_CONVERSION = YES;
				CLANG_WARN_OBJC_ROOT_CLASS = YES_ERROR;
				CLANG_WARN_QUOTED_INCLUDE_IN_FRAMEWORK_HEADER = YES;
				CLANG_WARN_RANGE_LOOP_ANALYSIS = YES;
				CLANG_WARN_STRICT_PROTOTYPES = YES;
				CLANG_WARN_SUSPICIOUS_MOVE = YES;
				CLANG_WARN_UNGUARDED_AVAILABILITY = YES_AGGRESSIVE;
				CLANG_WARN_UNREACHABLE_CODE = YES;
				CLANG_WARN__DUPLICATE_METHOD_MATCH = YES;
				COPY_PHASE_STRIP = NO;
				DEBUG_INFORMATION_FORMAT = dwarf;
				ENABLE_STRICT_OBJC_MSGSEND = YES;
				ENABLE_TESTABILITY = YES;
				ENABLE_USER_SCRIPT_SANDBOXING = YES;
				GCC_C_LANGUAGE_STANDARD = gnu17;
				GCC_DYNAMIC_NO_PIC = NO;
				GCC_NO_COMMON_BLOCKS = YES;
				GCC_OPTIMIZATION_LEVEL = 0;
				GCC_PREPROCESSOR_DEFINITIONS = (
					"DEBUG=1",
					"$(inherited)",
				);
				GCC_WARN_64_TO_32_BIT_CONVERSION = YES;
				GCC_WARN_ABOUT_RETURN_TYPE = YES_ERROR;
				GCC_WARN_UNDECLARED_SELECTOR = YES;
				GCC_WARN_UNINITIALIZED_AUTOS = YES_AGGRESSIVE;
				GCC_WARN_UNUSED_FUNCTION = YES;
				GCC_WARN_UNUSED_VARIABLE = YES;
				IPHONEOS_DEPLOYMENT_TARGET = 13.0;
				LOCALIZATION_PREFERS_STRING_CATALOGS = YES;
				MTL_ENABLE_DEBUG_INFO = INCLUDE_SOURCE;
				MTL_FAST_MATH = YES;
				ONLY_ACTIVE_ARCH = YES;
				SDKROOT = iphoneos;
				SWIFT_ACTIVE_COMPILATION_CONDITIONS = "DEBUG $(inherited)";
				SWIFT_OPTIMIZATION_LEVEL = "-Onone";
			};
			name = Debug;
		};
		127610682C5D07DF0003AB76 /* Release */ = {
			isa = XCBuildConfiguration;
			buildSettings = {
				ALWAYS_SEARCH_USER_PATHS = NO;
				ASSETCATALOG_COMPILER_GENERATE_SWIFT_ASSET_SYMBOL_EXTENSIONS = YES;
				CLANG_ANALYZER_NONNULL = YES;
				CLANG_ANALYZER_NUMBER_OBJECT_CONVERSION = YES_AGGRESSIVE;
				CLANG_CXX_LANGUAGE_STANDARD = "gnu++20";
				CLANG_ENABLE_MODULES = YES;
				CLANG_ENABLE_OBJC_ARC = YES;
				CLANG_ENABLE_OBJC_WEAK = YES;
				CLANG_WARN_BLOCK_CAPTURE_AUTORELEASING = YES;
				CLANG_WARN_BOOL_CONVERSION = YES;
				CLANG_WARN_COMMA = YES;
				CLANG_WARN_CONSTANT_CONVERSION = YES;
				CLANG_WARN_DEPRECATED_OBJC_IMPLEMENTATIONS = YES;
				CLANG_WARN_DIRECT_OBJC_ISA_USAGE = YES_ERROR;
				CLANG_WARN_DOCUMENTATION_COMMENTS = YES;
				CLANG_WARN_EMPTY_BODY = YES;
				CLANG_WARN_ENUM_CONVERSION = YES;
				CLANG_WARN_INFINITE_RECURSION = YES;
				CLANG_WARN_INT_CONVERSION = YES;
				CLANG_WARN_NON_LITERAL_NULL_CONVERSION = YES;
				CLANG_WARN_OBJC_IMPLICIT_RETAIN_SELF = YES;
				CLANG_WARN_OBJC_LITERAL_CONVERSION = YES;
				CLANG_WARN_OBJC_ROOT_CLASS = YES_ERROR;
				CLANG_WARN_QUOTED_INCLUDE_IN_FRAMEWORK_HEADER = YES;
				CLANG_WARN_RANGE_LOOP_ANALYSIS = YES;
				CLANG_WARN_STRICT_PROTOTYPES = YES;
				CLANG_WARN_SUSPICIOUS_MOVE = YES;
				CLANG_WARN_UNGUARDED_AVAILABILITY = YES_AGGRESSIVE;
				CLANG_WARN_UNREACHABLE_CODE = YES;
				CLANG_WARN__DUPLICATE_METHOD_MATCH = YES;
				COPY_PHASE_STRIP = NO;
				DEBUG_INFORMATION_FORMAT = "dwarf-with-dsym";
				ENABLE_NS_ASSERTIONS = NO;
				ENABLE_STRICT_OBJC_MSGSEND = YES;
				ENABLE_USER_SCRIPT_SANDBOXING = YES;
				GCC_C_LANGUAGE_STANDARD = gnu17;
				GCC_NO_COMMON_BLOCKS = YES;
				GCC_WARN_64_TO_32_BIT_CONVERSION = YES;
				GCC_WARN_ABOUT_RETURN_TYPE = YES_ERROR;
				GCC_WARN_UNDECLARED_SELECTOR = YES;
				GCC_WARN_UNINITIALIZED_AUTOS = YES_AGGRESSIVE;
				GCC_WARN_UNUSED_FUNCTION = YES;
				GCC_WARN_UNUSED_VARIABLE = YES;
				IPHONEOS_DEPLOYMENT_TARGET = 13.0;
				LOCALIZATION_PREFERS_STRING_CATALOGS = YES;
				MTL_ENABLE_DEBUG_INFO = NO;
				MTL_FAST_MATH = YES;
				SDKROOT = iphoneos;
				SWIFT_COMPILATION_MODE = wholemodule;
				VALIDATE_PRODUCT = YES;
			};
			name = Release;
		};
		1276106A2C5D07DF0003AB76 /* Debug */ = {
			isa = XCBuildConfiguration;
			buildSettings = {
				ASSETCATALOG_COMPILER_APPICON_NAME = AppIcon;
				ASSETCATALOG_COMPILER_GLOBAL_ACCENT_COLOR_NAME = AccentColor;
				CODE_SIGN_STYLE = Automatic;
				CURRENT_PROJECT_VERSION = 1;
				DEVELOPMENT_TEAM = Z2FK793PRZ;
				GENERATE_INFOPLIST_FILE = YES;
				INFOPLIST_FILE = ImageFeed/Info.plist;
				INFOPLIST_KEY_UIApplicationSupportsIndirectInputEvents = YES;
				INFOPLIST_KEY_UILaunchStoryboardName = LaunchScreen;
				INFOPLIST_KEY_UIMainStoryboardFile = Main;
				INFOPLIST_KEY_UIStatusBarStyle = "";
				INFOPLIST_KEY_UISupportedInterfaceOrientations = UIInterfaceOrientationPortrait;
				IPHONEOS_DEPLOYMENT_TARGET = 13.0;
				LD_RUNPATH_SEARCH_PATHS = (
					"$(inherited)",
					"@executable_path/Frameworks",
				);
				MARKETING_VERSION = 1.0;
				PRODUCT_BUNDLE_IDENTIFIER = ru.yandex.practicum.katafeiy.ImageFeed;
				PRODUCT_NAME = "$(TARGET_NAME)";
				SUPPORTED_PLATFORMS = "iphoneos iphonesimulator";
				SUPPORTS_MACCATALYST = NO;
				SUPPORTS_MAC_DESIGNED_FOR_IPHONE_IPAD = NO;
				SUPPORTS_XR_DESIGNED_FOR_IPHONE_IPAD = NO;
				SWIFT_EMIT_LOC_STRINGS = YES;
				SWIFT_VERSION = 5.0;
				TARGETED_DEVICE_FAMILY = 1;
			};
			name = Debug;
		};
		1276106B2C5D07DF0003AB76 /* Release */ = {
			isa = XCBuildConfiguration;
			buildSettings = {
				ASSETCATALOG_COMPILER_APPICON_NAME = AppIcon;
				ASSETCATALOG_COMPILER_GLOBAL_ACCENT_COLOR_NAME = AccentColor;
				CODE_SIGN_STYLE = Automatic;
				CURRENT_PROJECT_VERSION = 1;
				DEVELOPMENT_TEAM = Z2FK793PRZ;
				GENERATE_INFOPLIST_FILE = YES;
				INFOPLIST_FILE = ImageFeed/Info.plist;
				INFOPLIST_KEY_UIApplicationSupportsIndirectInputEvents = YES;
				INFOPLIST_KEY_UILaunchStoryboardName = LaunchScreen;
				INFOPLIST_KEY_UIMainStoryboardFile = Main;
				INFOPLIST_KEY_UIStatusBarStyle = "";
				INFOPLIST_KEY_UISupportedInterfaceOrientations = UIInterfaceOrientationPortrait;
				IPHONEOS_DEPLOYMENT_TARGET = 13.0;
				LD_RUNPATH_SEARCH_PATHS = (
					"$(inherited)",
					"@executable_path/Frameworks",
				);
				MARKETING_VERSION = 1.0;
				PRODUCT_BUNDLE_IDENTIFIER = ru.yandex.practicum.katafeiy.ImageFeed;
				PRODUCT_NAME = "$(TARGET_NAME)";
				SUPPORTED_PLATFORMS = "iphoneos iphonesimulator";
				SUPPORTS_MACCATALYST = NO;
				SUPPORTS_MAC_DESIGNED_FOR_IPHONE_IPAD = NO;
				SUPPORTS_XR_DESIGNED_FOR_IPHONE_IPAD = NO;
				SWIFT_EMIT_LOC_STRINGS = YES;
				SWIFT_VERSION = 5.0;
				TARGETED_DEVICE_FAMILY = 1;
			};
			name = Release;
		};
/* End XCBuildConfiguration section */

/* Begin XCConfigurationList section */
		120630D02CB0095B00897332 /* Build configuration list for PBXNativeTarget "ImageFeedTests" */ = {
			isa = XCConfigurationList;
			buildConfigurations = (
				120630CE2CB0095B00897332 /* Debug */,
				120630CF2CB0095B00897332 /* Release */,
			);
			defaultConfigurationIsVisible = 0;
			defaultConfigurationName = Release;
		};
		127610502C5D07DE0003AB76 /* Build configuration list for PBXProject "ImageFeed" */ = {
			isa = XCConfigurationList;
			buildConfigurations = (
				127610672C5D07DF0003AB76 /* Debug */,
				127610682C5D07DF0003AB76 /* Release */,
			);
			defaultConfigurationIsVisible = 0;
			defaultConfigurationName = Release;
		};
		127610692C5D07DF0003AB76 /* Build configuration list for PBXNativeTarget "ImageFeed" */ = {
			isa = XCConfigurationList;
			buildConfigurations = (
				1276106A2C5D07DF0003AB76 /* Debug */,
				1276106B2C5D07DF0003AB76 /* Release */,
			);
			defaultConfigurationIsVisible = 0;
			defaultConfigurationName = Release;
		};
/* End XCConfigurationList section */

/* Begin XCRemoteSwiftPackageReference section */
		12062C202CA68F5300F035AC /* XCRemoteSwiftPackageReference "SwiftKeychainWrapper" */ = {
			isa = XCRemoteSwiftPackageReference;
			repositoryURL = "https://github.com/jrendel/SwiftKeychainWrapper";
			requirement = {
				kind = upToNextMajorVersion;
				minimumVersion = 4.0.1;
			};
		};
		125E95582CA54C8F00F21728 /* XCRemoteSwiftPackageReference "Kingfisher" */ = {
			isa = XCRemoteSwiftPackageReference;
			repositoryURL = "https://github.com/onevcat/Kingfisher.git";
			requirement = {
				kind = upToNextMajorVersion;
				minimumVersion = 8.0.3;
			};
		};
		127FB6B52C96CA6D006F3D80 /* XCRemoteSwiftPackageReference "ProgressHUD" */ = {
			isa = XCRemoteSwiftPackageReference;
			repositoryURL = "https://github.com/relatedcode/ProgressHUD";
			requirement = {
				kind = upToNextMajorVersion;
				minimumVersion = 14.1.3;
			};
		};
/* End XCRemoteSwiftPackageReference section */

/* Begin XCSwiftPackageProductDependency section */
		12062C212CA68F5300F035AC /* SwiftKeychainWrapper */ = {
			isa = XCSwiftPackageProductDependency;
			package = 12062C202CA68F5300F035AC /* XCRemoteSwiftPackageReference "SwiftKeychainWrapper" */;
			productName = SwiftKeychainWrapper;
		};
		125E95592CA54C8F00F21728 /* Kingfisher */ = {
			isa = XCSwiftPackageProductDependency;
			package = 125E95582CA54C8F00F21728 /* XCRemoteSwiftPackageReference "Kingfisher" */;
			productName = Kingfisher;
		};
		127FB6B62C96CA6D006F3D80 /* ProgressHUD */ = {
			isa = XCSwiftPackageProductDependency;
			package = 127FB6B52C96CA6D006F3D80 /* XCRemoteSwiftPackageReference "ProgressHUD" */;
			productName = ProgressHUD;
		};
/* End XCSwiftPackageProductDependency section */
	};
	rootObject = 1276104D2C5D07DE0003AB76 /* Project object */;
}
